
Microsoft Visual Studio Solution File, Format Version 11.00
# Visual Studio 2010
Project("{FAE04EC0-301F-11D3-BF4B-00C04F79EFBC}") = "NClassify", "NClassify\NClassify.csproj", "{7AFA72EE-492B-4C8E-9016-C062A01FD75E}"
EndProject
Project("{FAE04EC0-301F-11D3-BF4B-00C04F79EFBC}") = "NTextCatLib", "NTextCatLib\NTextCatLib.csproj", "{E645E620-70F5-4DF7-96DD-5189F353D79A}"
EndProject
Project("{FAE04EC0-301F-11D3-BF4B-00C04F79EFBC}") = "NTextCatLib.Test", "NTextCatLib.Test\NTextCatLib.Test.csproj", "{E33BCC4E-226B-4D83-99A2-30A3B7890F46}"
EndProject
Project("{FAE04EC0-301F-11D3-BF4B-00C04F79EFBC}") = "NTextCatLegacy", "NTextCatLegacy\NTextCatLegacy.csproj", "{A0B4C582-B157-4CFC-88CF-02EEC54E1290}"
EndProject
Project("{FAE04EC0-301F-11D3-BF4B-00C04F79EFBC}") = "NTextCatLibLegacy", "NTextCatLibLegacy\NTextCatLibLegacy.csproj", "{F24E7DFF-AD74-4733-95C3-B3EEF182311F}"
EndProject
Project("{FAE04EC0-301F-11D3-BF4B-00C04F79EFBC}") = "NTextCat", "NTextCat\NTextCat.csproj", "{D17B06CD-5D6C-4877-9957-902DDCB051D8}"
EndProject
Project("{FAE04EC0-301F-11D3-BF4B-00C04F79EFBC}") = "NTextCatLibLegacy.Test", "NTextCatLibLegacy.Test\NTextCatLibLegacy.Test.csproj", "{5A3E5875-AD86-4E19-93E6-CBE612DA83A2}"
EndProject
Project("{2150E333-8FDC-42A3-9474-1A3956D46DE8}") = "Solution Items", "Solution Items", "{19403C84-DF19-40D9-8CA6-1B2545E9DA99}"
	ProjectSection(SolutionItems) = preProject
		EncodingTool.fsx = EncodingTool.fsx
	EndProjectSection
EndProject
Project("{2150E333-8FDC-42A3-9474-1A3956D46DE8}") = ".Net 3.5", ".Net 3.5", "{FE058C18-D16A-48AD-BBC5-784980917D28}"
EndProject
Project("{FAE04EC0-301F-11D3-BF4B-00C04F79EFBC}") = "NClassify (.Net 3.5)", ".Net 3.5\NClassify (.Net 3.5)\NClassify (.Net 3.5).csproj", "{B7F1DF8E-C307-4255-9AEA-33B68BB100FF}"
EndProject
Project("{FAE04EC0-301F-11D3-BF4B-00C04F79EFBC}") = "NTextCatLib (.Net 3.5)", ".Net 3.5\NTextCatLib (.Net 3.5)\NTextCatLib (.Net 3.5).csproj", "{3FC51F8D-C618-451F-A3F7-E753DCAFF572}"
EndProject
Project("{FAE04EC0-301F-11D3-BF4B-00C04F79EFBC}") = "NTextCatLibLegacy (.Net 3.5)", ".Net 3.5\NTextCatLibLegacy (.Net 3.5)\NTextCatLibLegacy (.Net 3.5).csproj", "{A6DE11D3-21BB-46E6-BB59-92B3C5750124}"
EndProject
Project("{FAE04EC0-301F-11D3-BF4B-00C04F79EFBC}") = "NTextCatLegacy (.Net 3.5)", ".Net 3.5\NTextCatLegacy (.Net 3.5)\NTextCatLegacy (.Net 3.5).csproj", "{5AE885D7-AE39-4CCF-8B23-94662E01D728}"
EndProject
Project("{FAE04EC0-301F-11D3-BF4B-00C04F79EFBC}") = "Commons", "Commons\Commons.csproj", "{40BA5817-6C02-489A-AF9D-B211643C1493}"
EndProject
Project("{FAE04EC0-301F-11D3-BF4B-00C04F79EFBC}") = "Commons (.Net 3.5)", ".Net 3.5\Commons (.Net 3.5)\Commons (.Net 3.5).csproj", "{A33149FC-351A-47A0-B39A-C08758F32BBF}"
EndProject
Project("{FAE04EC0-301F-11D3-BF4B-00C04F79EFBC}") = "Commons.Test", "Commons.Test\Commons.Test.csproj", "{744D3867-3EAF-4D45-BCEF-EE9A67F14F90}"
EndProject
Project("{FAE04EC0-301F-11D3-BF4B-00C04F79EFBC}") = "Commons.Test (.Net 3.5)", ".Net 3.5\Commons.Test (.Net 3.5)\Commons.Test (.Net 3.5).csproj", "{82F053B4-0BBD-4C7C-B2AF-09E2A7D44E8A}"
EndProject
Project("{FAE04EC0-301F-11D3-BF4B-00C04F79EFBC}") = "NTextCatDemoSite", "NTextCatDemoSite\NTextCatDemoSite.csproj", "{551F2F57-C94B-47C6-9A53-567D9D41FD30}"
EndProject
Global
	GlobalSection(SolutionConfigurationPlatforms) = preSolution
		Debug|Any CPU = Debug|Any CPU
		Debug|Mixed Platforms = Debug|Mixed Platforms
		Debug|x86 = Debug|x86
		Release|Any CPU = Release|Any CPU
		Release|Mixed Platforms = Release|Mixed Platforms
		Release|x86 = Release|x86
	EndGlobalSection
	GlobalSection(ProjectConfigurationPlatforms) = postSolution
		{7AFA72EE-492B-4C8E-9016-C062A01FD75E}.Debug|Any CPU.ActiveCfg = Debug|Any CPU
		{7AFA72EE-492B-4C8E-9016-C062A01FD75E}.Debug|Any CPU.Build.0 = Debug|Any CPU
		{7AFA72EE-492B-4C8E-9016-C062A01FD75E}.Debug|Mixed Platforms.ActiveCfg = Debug|Any CPU
		{7AFA72EE-492B-4C8E-9016-C062A01FD75E}.Debug|Mixed Platforms.Build.0 = Debug|Any CPU
		{7AFA72EE-492B-4C8E-9016-C062A01FD75E}.Debug|x86.ActiveCfg = Debug|Any CPU
		{7AFA72EE-492B-4C8E-9016-C062A01FD75E}.Release|Any CPU.ActiveCfg = Release|Any CPU
		{7AFA72EE-492B-4C8E-9016-C062A01FD75E}.Release|Any CPU.Build.0 = Release|Any CPU
		{7AFA72EE-492B-4C8E-9016-C062A01FD75E}.Release|Mixed Platforms.ActiveCfg = Release|Any CPU
		{7AFA72EE-492B-4C8E-9016-C062A01FD75E}.Release|Mixed Platforms.Build.0 = Release|Any CPU
		{7AFA72EE-492B-4C8E-9016-C062A01FD75E}.Release|x86.ActiveCfg = Release|Any CPU
		{E645E620-70F5-4DF7-96DD-5189F353D79A}.Debug|Any CPU.ActiveCfg = Debug|Any CPU
		{E645E620-70F5-4DF7-96DD-5189F353D79A}.Debug|Any CPU.Build.0 = Debug|Any CPU
		{E645E620-70F5-4DF7-96DD-5189F353D79A}.Debug|Mixed Platforms.ActiveCfg = Debug|Any CPU
		{E645E620-70F5-4DF7-96DD-5189F353D79A}.Debug|Mixed Platforms.Build.0 = Debug|Any CPU
		{E645E620-70F5-4DF7-96DD-5189F353D79A}.Debug|x86.ActiveCfg = Debug|Any CPU
		{E645E620-70F5-4DF7-96DD-5189F353D79A}.Release|Any CPU.ActiveCfg = Release|Any CPU
		{E645E620-70F5-4DF7-96DD-5189F353D79A}.Release|Any CPU.Build.0 = Release|Any CPU
		{E645E620-70F5-4DF7-96DD-5189F353D79A}.Release|Mixed Platforms.ActiveCfg = Release|Any CPU
		{E645E620-70F5-4DF7-96DD-5189F353D79A}.Release|Mixed Platforms.Build.0 = Release|Any CPU
		{E645E620-70F5-4DF7-96DD-5189F353D79A}.Release|x86.ActiveCfg = Release|Any CPU
		{E33BCC4E-226B-4D83-99A2-30A3B7890F46}.Debug|Any CPU.ActiveCfg = Debug|Any CPU
		{E33BCC4E-226B-4D83-99A2-30A3B7890F46}.Debug|Any CPU.Build.0 = Debug|Any CPU
		{E33BCC4E-226B-4D83-99A2-30A3B7890F46}.Debug|Mixed Platforms.ActiveCfg = Debug|Any CPU
		{E33BCC4E-226B-4D83-99A2-30A3B7890F46}.Debug|Mixed Platforms.Build.0 = Debug|Any CPU
		{E33BCC4E-226B-4D83-99A2-30A3B7890F46}.Debug|x86.ActiveCfg = Debug|Any CPU
		{E33BCC4E-226B-4D83-99A2-30A3B7890F46}.Release|Any CPU.ActiveCfg = Release|Any CPU
		{E33BCC4E-226B-4D83-99A2-30A3B7890F46}.Release|Any CPU.Build.0 = Release|Any CPU
		{E33BCC4E-226B-4D83-99A2-30A3B7890F46}.Release|Mixed Platforms.ActiveCfg = Release|Any CPU
		{E33BCC4E-226B-4D83-99A2-30A3B7890F46}.Release|Mixed Platforms.Build.0 = Release|Any CPU
		{E33BCC4E-226B-4D83-99A2-30A3B7890F46}.Release|x86.ActiveCfg = Release|Any CPU
		{A0B4C582-B157-4CFC-88CF-02EEC54E1290}.Debug|Any CPU.ActiveCfg = Debug|x86
		{A0B4C582-B157-4CFC-88CF-02EEC54E1290}.Debug|Mixed Platforms.ActiveCfg = Debug|x86
		{A0B4C582-B157-4CFC-88CF-02EEC54E1290}.Debug|Mixed Platforms.Build.0 = Debug|x86
		{A0B4C582-B157-4CFC-88CF-02EEC54E1290}.Debug|x86.ActiveCfg = Debug|x86
		{A0B4C582-B157-4CFC-88CF-02EEC54E1290}.Debug|x86.Build.0 = Debug|x86
		{A0B4C582-B157-4CFC-88CF-02EEC54E1290}.Release|Any CPU.ActiveCfg = Release|x86
		{A0B4C582-B157-4CFC-88CF-02EEC54E1290}.Release|Any CPU.Build.0 = Release|x86
		{A0B4C582-B157-4CFC-88CF-02EEC54E1290}.Release|Mixed Platforms.ActiveCfg = Release|x86
		{A0B4C582-B157-4CFC-88CF-02EEC54E1290}.Release|Mixed Platforms.Build.0 = Release|x86
		{A0B4C582-B157-4CFC-88CF-02EEC54E1290}.Release|x86.ActiveCfg = Release|x86
		{A0B4C582-B157-4CFC-88CF-02EEC54E1290}.Release|x86.Build.0 = Release|x86
		{F24E7DFF-AD74-4733-95C3-B3EEF182311F}.Debug|Any CPU.ActiveCfg = Debug|Any CPU
		{F24E7DFF-AD74-4733-95C3-B3EEF182311F}.Debug|Any CPU.Build.0 = Debug|Any CPU
		{F24E7DFF-AD74-4733-95C3-B3EEF182311F}.Debug|Mixed Platforms.ActiveCfg = Debug|Any CPU
		{F24E7DFF-AD74-4733-95C3-B3EEF182311F}.Debug|Mixed Platforms.Build.0 = Debug|Any CPU
		{F24E7DFF-AD74-4733-95C3-B3EEF182311F}.Debug|x86.ActiveCfg = Debug|Any CPU
		{F24E7DFF-AD74-4733-95C3-B3EEF182311F}.Release|Any CPU.ActiveCfg = Release|Any CPU
		{F24E7DFF-AD74-4733-95C3-B3EEF182311F}.Release|Any CPU.Build.0 = Release|Any CPU
		{F24E7DFF-AD74-4733-95C3-B3EEF182311F}.Release|Mixed Platforms.ActiveCfg = Release|Any CPU
		{F24E7DFF-AD74-4733-95C3-B3EEF182311F}.Release|Mixed Platforms.Build.0 = Release|Any CPU
		{F24E7DFF-AD74-4733-95C3-B3EEF182311F}.Release|x86.ActiveCfg = Release|Any CPU
		{D17B06CD-5D6C-4877-9957-902DDCB051D8}.Debug|Any CPU.ActiveCfg = Debug|x86
		{D17B06CD-5D6C-4877-9957-902DDCB051D8}.Debug|Mixed Platforms.ActiveCfg = Debug|x86
		{D17B06CD-5D6C-4877-9957-902DDCB051D8}.Debug|Mixed Platforms.Build.0 = Debug|x86
		{D17B06CD-5D6C-4877-9957-902DDCB051D8}.Debug|x86.ActiveCfg = Debug|x86
		{D17B06CD-5D6C-4877-9957-902DDCB051D8}.Debug|x86.Build.0 = Debug|x86
		{D17B06CD-5D6C-4877-9957-902DDCB051D8}.Release|Any CPU.ActiveCfg = Release|x86
		{D17B06CD-5D6C-4877-9957-902DDCB051D8}.Release|Any CPU.Build.0 = Release|x86
		{D17B06CD-5D6C-4877-9957-902DDCB051D8}.Release|Mixed Platforms.ActiveCfg = Release|x86
		{D17B06CD-5D6C-4877-9957-902DDCB051D8}.Release|Mixed Platforms.Build.0 = Release|x86
		{D17B06CD-5D6C-4877-9957-902DDCB051D8}.Release|x86.ActiveCfg = Release|x86
		{D17B06CD-5D6C-4877-9957-902DDCB051D8}.Release|x86.Build.0 = Release|x86
		{5A3E5875-AD86-4E19-93E6-CBE612DA83A2}.Debug|Any CPU.ActiveCfg = Debug|Any CPU
		{5A3E5875-AD86-4E19-93E6-CBE612DA83A2}.Debug|Any CPU.Build.0 = Debug|Any CPU
		{5A3E5875-AD86-4E19-93E6-CBE612DA83A2}.Debug|Mixed Platforms.ActiveCfg = Debug|Any CPU
		{5A3E5875-AD86-4E19-93E6-CBE612DA83A2}.Debug|Mixed Platforms.Build.0 = Debug|Any CPU
		{5A3E5875-AD86-4E19-93E6-CBE612DA83A2}.Debug|x86.ActiveCfg = Debug|Any CPU
		{5A3E5875-AD86-4E19-93E6-CBE612DA83A2}.Release|Any CPU.ActiveCfg = Release|Any CPU
		{5A3E5875-AD86-4E19-93E6-CBE612DA83A2}.Release|Any CPU.Build.0 = Release|Any CPU
		{5A3E5875-AD86-4E19-93E6-CBE612DA83A2}.Release|Mixed Platforms.ActiveCfg = Release|Any CPU
		{5A3E5875-AD86-4E19-93E6-CBE612DA83A2}.Release|Mixed Platforms.Build.0 = Release|Any CPU
		{5A3E5875-AD86-4E19-93E6-CBE612DA83A2}.Release|x86.ActiveCfg = Release|Any CPU
		{B7F1DF8E-C307-4255-9AEA-33B68BB100FF}.Debug|Any CPU.ActiveCfg = Debug|Any CPU
		{B7F1DF8E-C307-4255-9AEA-33B68BB100FF}.Debug|Any CPU.Build.0 = Debug|Any CPU
		{B7F1DF8E-C307-4255-9AEA-33B68BB100FF}.Debug|Mixed Platforms.ActiveCfg = Debug|Any CPU
		{B7F1DF8E-C307-4255-9AEA-33B68BB100FF}.Debug|Mixed Platforms.Build.0 = Debug|Any CPU
		{B7F1DF8E-C307-4255-9AEA-33B68BB100FF}.Debug|x86.ActiveCfg = Debug|Any CPU
		{B7F1DF8E-C307-4255-9AEA-33B68BB100FF}.Release|Any CPU.ActiveCfg = Release|Any CPU
		{B7F1DF8E-C307-4255-9AEA-33B68BB100FF}.Release|Any CPU.Build.0 = Release|Any CPU
		{B7F1DF8E-C307-4255-9AEA-33B68BB100FF}.Release|Mixed Platforms.ActiveCfg = Release|Any CPU
		{B7F1DF8E-C307-4255-9AEA-33B68BB100FF}.Release|Mixed Platforms.Build.0 = Release|Any CPU
		{B7F1DF8E-C307-4255-9AEA-33B68BB100FF}.Release|x86.ActiveCfg = Release|Any CPU
		{3FC51F8D-C618-451F-A3F7-E753DCAFF572}.Debug|Any CPU.ActiveCfg = Debug|Any CPU
		{3FC51F8D-C618-451F-A3F7-E753DCAFF572}.Debug|Any CPU.Build.0 = Debug|Any CPU
		{3FC51F8D-C618-451F-A3F7-E753DCAFF572}.Debug|Mixed Platforms.ActiveCfg = Debug|Any CPU
		{3FC51F8D-C618-451F-A3F7-E753DCAFF572}.Debug|Mixed Platforms.Build.0 = Debug|Any CPU
		{3FC51F8D-C618-451F-A3F7-E753DCAFF572}.Debug|x86.ActiveCfg = Debug|Any CPU
		{3FC51F8D-C618-451F-A3F7-E753DCAFF572}.Release|Any CPU.ActiveCfg = Release|Any CPU
		{3FC51F8D-C618-451F-A3F7-E753DCAFF572}.Release|Any CPU.Build.0 = Release|Any CPU
		{3FC51F8D-C618-451F-A3F7-E753DCAFF572}.Release|Mixed Platforms.ActiveCfg = Release|Any CPU
		{3FC51F8D-C618-451F-A3F7-E753DCAFF572}.Release|Mixed Platforms.Build.0 = Release|Any CPU
		{3FC51F8D-C618-451F-A3F7-E753DCAFF572}.Release|x86.ActiveCfg = Release|Any CPU
		{A6DE11D3-21BB-46E6-BB59-92B3C5750124}.Debug|Any CPU.ActiveCfg = Debug|Any CPU
		{A6DE11D3-21BB-46E6-BB59-92B3C5750124}.Debug|Any CPU.Build.0 = Debug|Any CPU
		{A6DE11D3-21BB-46E6-BB59-92B3C5750124}.Debug|Mixed Platforms.ActiveCfg = Debug|Any CPU
		{A6DE11D3-21BB-46E6-BB59-92B3C5750124}.Debug|Mixed Platforms.Build.0 = Debug|Any CPU
		{A6DE11D3-21BB-46E6-BB59-92B3C5750124}.Debug|x86.ActiveCfg = Debug|Any CPU
		{A6DE11D3-21BB-46E6-BB59-92B3C5750124}.Release|Any CPU.ActiveCfg = Release|Any CPU
		{A6DE11D3-21BB-46E6-BB59-92B3C5750124}.Release|Any CPU.Build.0 = Release|Any CPU
		{A6DE11D3-21BB-46E6-BB59-92B3C5750124}.Release|Mixed Platforms.ActiveCfg = Release|Any CPU
		{A6DE11D3-21BB-46E6-BB59-92B3C5750124}.Release|Mixed Platforms.Build.0 = Release|Any CPU
		{A6DE11D3-21BB-46E6-BB59-92B3C5750124}.Release|x86.ActiveCfg = Release|Any CPU
		{5AE885D7-AE39-4CCF-8B23-94662E01D728}.Debug|Any CPU.ActiveCfg = Debug|x86
		{5AE885D7-AE39-4CCF-8B23-94662E01D728}.Debug|Mixed Platforms.ActiveCfg = Debug|x86
		{5AE885D7-AE39-4CCF-8B23-94662E01D728}.Debug|Mixed Platforms.Build.0 = Debug|x86
		{5AE885D7-AE39-4CCF-8B23-94662E01D728}.Debug|x86.ActiveCfg = Debug|x86
		{5AE885D7-AE39-4CCF-8B23-94662E01D728}.Debug|x86.Build.0 = Debug|x86
		{5AE885D7-AE39-4CCF-8B23-94662E01D728}.Release|Any CPU.ActiveCfg = Release|x86
		{5AE885D7-AE39-4CCF-8B23-94662E01D728}.Release|Mixed Platforms.ActiveCfg = Release|x86
		{5AE885D7-AE39-4CCF-8B23-94662E01D728}.Release|Mixed Platforms.Build.0 = Release|x86
		{5AE885D7-AE39-4CCF-8B23-94662E01D728}.Release|x86.ActiveCfg = Release|x86
		{5AE885D7-AE39-4CCF-8B23-94662E01D728}.Release|x86.Build.0 = Release|x86
		{40BA5817-6C02-489A-AF9D-B211643C1493}.Debug|Any CPU.ActiveCfg = Debug|Any CPU
		{40BA5817-6C02-489A-AF9D-B211643C1493}.Debug|Any CPU.Build.0 = Debug|Any CPU
		{40BA5817-6C02-489A-AF9D-B211643C1493}.Debug|Mixed Platforms.ActiveCfg = Debug|Any CPU
		{40BA5817-6C02-489A-AF9D-B211643C1493}.Debug|Mixed Platforms.Build.0 = Debug|Any CPU
		{40BA5817-6C02-489A-AF9D-B211643C1493}.Debug|x86.ActiveCfg = Debug|Any CPU
		{40BA5817-6C02-489A-AF9D-B211643C1493}.Release|Any CPU.ActiveCfg = Release|Any CPU
		{40BA5817-6C02-489A-AF9D-B211643C1493}.Release|Any CPU.Build.0 = Release|Any CPU
		{40BA5817-6C02-489A-AF9D-B211643C1493}.Release|Mixed Platforms.ActiveCfg = Release|Any CPU
		{40BA5817-6C02-489A-AF9D-B211643C1493}.Release|Mixed Platforms.Build.0 = Release|Any CPU
		{40BA5817-6C02-489A-AF9D-B211643C1493}.Release|x86.ActiveCfg = Release|Any CPU
		{A33149FC-351A-47A0-B39A-C08758F32BBF}.Debug|Any CPU.ActiveCfg = Debug|Any CPU
		{A33149FC-351A-47A0-B39A-C08758F32BBF}.Debug|Any CPU.Build.0 = Debug|Any CPU
		{A33149FC-351A-47A0-B39A-C08758F32BBF}.Debug|Mixed Platforms.ActiveCfg = Debug|Any CPU
		{A33149FC-351A-47A0-B39A-C08758F32BBF}.Debug|Mixed Platforms.Build.0 = Debug|Any CPU
		{A33149FC-351A-47A0-B39A-C08758F32BBF}.Debug|x86.ActiveCfg = Debug|Any CPU
		{A33149FC-351A-47A0-B39A-C08758F32BBF}.Release|Any CPU.ActiveCfg = Release|Any CPU
		{A33149FC-351A-47A0-B39A-C08758F32BBF}.Release|Any CPU.Build.0 = Release|Any CPU
		{A33149FC-351A-47A0-B39A-C08758F32BBF}.Release|Mixed Platforms.ActiveCfg = Release|Any CPU
		{A33149FC-351A-47A0-B39A-C08758F32BBF}.Release|Mixed Platforms.Build.0 = Release|Any CPU
		{A33149FC-351A-47A0-B39A-C08758F32BBF}.Release|x86.ActiveCfg = Release|Any CPU
		{744D3867-3EAF-4D45-BCEF-EE9A67F14F90}.Debug|Any CPU.ActiveCfg = Debug|Any CPU
		{744D3867-3EAF-4D45-BCEF-EE9A67F14F90}.Debug|Any CPU.Build.0 = Debug|Any CPU
		{744D3867-3EAF-4D45-BCEF-EE9A67F14F90}.Debug|Mixed Platforms.ActiveCfg = Debug|Any CPU
		{744D3867-3EAF-4D45-BCEF-EE9A67F14F90}.Debug|Mixed Platforms.Build.0 = Debug|Any CPU
		{744D3867-3EAF-4D45-BCEF-EE9A67F14F90}.Debug|x86.ActiveCfg = Debug|Any CPU
		{744D3867-3EAF-4D45-BCEF-EE9A67F14F90}.Release|Any CPU.ActiveCfg = Release|Any CPU
		{744D3867-3EAF-4D45-BCEF-EE9A67F14F90}.Release|Any CPU.Build.0 = Release|Any CPU
		{744D3867-3EAF-4D45-BCEF-EE9A67F14F90}.Release|Mixed Platforms.ActiveCfg = Release|Any CPU
		{744D3867-3EAF-4D45-BCEF-EE9A67F14F90}.Release|Mixed Platforms.Build.0 = Release|Any CPU
		{744D3867-3EAF-4D45-BCEF-EE9A67F14F90}.Release|x86.ActiveCfg = Release|Any CPU
		{82F053B4-0BBD-4C7C-B2AF-09E2A7D44E8A}.Debug|Any CPU.ActiveCfg = Debug|Any CPU
		{82F053B4-0BBD-4C7C-B2AF-09E2A7D44E8A}.Debug|Any CPU.Build.0 = Debug|Any CPU
		{82F053B4-0BBD-4C7C-B2AF-09E2A7D44E8A}.Debug|Mixed Platforms.ActiveCfg = Debug|Any CPU
		{82F053B4-0BBD-4C7C-B2AF-09E2A7D44E8A}.Debug|Mixed Platforms.Build.0 = Debug|Any CPU
		{82F053B4-0BBD-4C7C-B2AF-09E2A7D44E8A}.Debug|x86.ActiveCfg = Debug|Any CPU
		{82F053B4-0BBD-4C7C-B2AF-09E2A7D44E8A}.Release|Any CPU.ActiveCfg = Release|Any CPU
		{82F053B4-0BBD-4C7C-B2AF-09E2A7D44E8A}.Release|Any CPU.Build.0 = Release|Any CPU
		{82F053B4-0BBD-4C7C-B2AF-09E2A7D44E8A}.Release|Mixed Platforms.ActiveCfg = Release|Any CPU
		{82F053B4-0BBD-4C7C-B2AF-09E2A7D44E8A}.Release|Mixed Platforms.Build.0 = Release|Any CPU
		{82F053B4-0BBD-4C7C-B2AF-09E2A7D44E8A}.Release|x86.ActiveCfg = Release|Any CPU
		{551F2F57-C94B-47C6-9A53-567D9D41FD30}.Debug|Any CPU.ActiveCfg = Debug|Any CPU
		{551F2F57-C94B-47C6-9A53-567D9D41FD30}.Debug|Any CPU.Build.0 = Debug|Any CPU
		{551F2F57-C94B-47C6-9A53-567D9D41FD30}.Debug|Mixed Platforms.ActiveCfg = Debug|Any CPU
		{551F2F57-C94B-47C6-9A53-567D9D41FD30}.Debug|Mixed Platforms.Build.0 = Debug|Any CPU
		{551F2F57-C94B-47C6-9A53-567D9D41FD30}.Debug|x86.ActiveCfg = Debug|Any CPU
		{551F2F57-C94B-47C6-9A53-567D9D41FD30}.Release|Any CPU.ActiveCfg = Release|Any CPU
		{551F2F57-C94B-47C6-9A53-567D9D41FD30}.Release|Any CPU.Build.0 = Release|Any CPU
		{551F2F57-C94B-47C6-9A53-567D9D41FD30}.Release|Mixed Platforms.ActiveCfg = Release|Any CPU
		{551F2F57-C94B-47C6-9A53-567D9D41FD30}.Release|Mixed Platforms.Build.0 = Release|Any CPU
		{551F2F57-C94B-47C6-9A53-567D9D41FD30}.Release|x86.ActiveCfg = Release|Any CPU
	EndGlobalSection
	GlobalSection(SolutionProperties) = preSolution
		HideSolutionNode = FALSE
	EndGlobalSection
	GlobalSection(NestedProjects) = preSolution
		{B7F1DF8E-C307-4255-9AEA-33B68BB100FF} = {FE058C18-D16A-48AD-BBC5-784980917D28}
		{3FC51F8D-C618-451F-A3F7-E753DCAFF572} = {FE058C18-D16A-48AD-BBC5-784980917D28}
		{A6DE11D3-21BB-46E6-BB59-92B3C5750124} = {FE058C18-D16A-48AD-BBC5-784980917D28}
		{5AE885D7-AE39-4CCF-8B23-94662E01D728} = {FE058C18-D16A-48AD-BBC5-784980917D28}
		{A33149FC-351A-47A0-B39A-C08758F32BBF} = {FE058C18-D16A-48AD-BBC5-784980917D28}
		{82F053B4-0BBD-4C7C-B2AF-09E2A7D44E8A} = {FE058C18-D16A-48AD-BBC5-784980917D28}
	EndGlobalSection
EndGlobal
