
Microsoft Visual Studio Solution File, Format Version 12.00
# Visual Studio Version 16
VisualStudioVersion = 16.0.28803.202
MinimumVisualStudioVersion = 10.0.40219.1
Project("{2150E333-8FDC-42A3-9474-1A3956D46DE8}") = "Solution Items", "Solution Items", "{19403C84-DF19-40D9-8CA6-1B2545E9DA99}"
	ProjectSection(SolutionItems) = preProject
		EncodingTool.fsx = EncodingTool.fsx
		README.txt = README.txt
	EndProjectSection
EndProject
Project("{FAE04EC0-301F-11D3-BF4B-00C04F79EFBC}") = "NTextCat.Commons", "NTextCat.Commons\NTextCat.Commons.csproj", "{3A8E3E7D-4ADD-46C8-AFF4-8D7CC5607BC6}"
EndProject
Project("{FAE04EC0-301F-11D3-BF4B-00C04F79EFBC}") = "NTextCat.NClassify", "NTextCat.NClassify\NTextCat.NClassify.csproj", "{31D05312-4968-45DD-95B9-601736E6EBD9}"
EndProject
Project("{FAE04EC0-301F-11D3-BF4B-00C04F79EFBC}") = "NTextCat.Core", "NTextCat.Core\NTextCat.Core.csproj", "{356DE6DB-4475-4293-9B5D-18A5892DF663}"
EndProject
Project("{FAE04EC0-301F-11D3-BF4B-00C04F79EFBC}") = "NTextCat.Cli", "NTextCat.Core.Cli\NTextCat.Cli.csproj", "{7D6DDC04-EA96-4516-8A15-4206DA394413}"
EndProject
Project("{2150E333-8FDC-42A3-9474-1A3956D46DE8}") = "Tests", "Tests", "{A623AA51-57F1-4956-A94A-1E01A33F9EFE}"
EndProject
Project("{FAE04EC0-301F-11D3-BF4B-00C04F79EFBC}") = "NTextCat.Tests", "NTextCat.Tests\NTextCat.Tests.csproj", "{E14A9720-C254-4224-9781-640B7B847BCD}"
EndProject
Global
	GlobalSection(SolutionConfigurationPlatforms) = preSolution
		Debug|Any CPU = Debug|Any CPU
		Debug|Mixed Platforms = Debug|Mixed Platforms
		Debug|x86 = Debug|x86
		Release|Any CPU = Release|Any CPU
		Release|Mixed Platforms = Release|Mixed Platforms
		Release|x86 = Release|x86
	EndGlobalSection
	GlobalSection(ProjectConfigurationPlatforms) = postSolution
		{3A8E3E7D-4ADD-46C8-AFF4-8D7CC5607BC6}.Debug|Any CPU.ActiveCfg = Debug|Any CPU
		{3A8E3E7D-4ADD-46C8-AFF4-8D7CC5607BC6}.Debug|Any CPU.Build.0 = Debug|Any CPU
		{3A8E3E7D-4ADD-46C8-AFF4-8D7CC5607BC6}.Debug|Mixed Platforms.ActiveCfg = Debug|Any CPU
		{3A8E3E7D-4ADD-46C8-AFF4-8D7CC5607BC6}.Debug|Mixed Platforms.Build.0 = Debug|Any CPU
		{3A8E3E7D-4ADD-46C8-AFF4-8D7CC5607BC6}.Debug|x86.ActiveCfg = Debug|Any CPU
		{3A8E3E7D-4ADD-46C8-AFF4-8D7CC5607BC6}.Debug|x86.Build.0 = Debug|Any CPU
		{3A8E3E7D-4ADD-46C8-AFF4-8D7CC5607BC6}.Release|Any CPU.ActiveCfg = Release|Any CPU
		{3A8E3E7D-4ADD-46C8-AFF4-8D7CC5607BC6}.Release|Any CPU.Build.0 = Release|Any CPU
		{3A8E3E7D-4ADD-46C8-AFF4-8D7CC5607BC6}.Release|Mixed Platforms.ActiveCfg = Release|Any CPU
		{3A8E3E7D-4ADD-46C8-AFF4-8D7CC5607BC6}.Release|Mixed Platforms.Build.0 = Release|Any CPU
		{3A8E3E7D-4ADD-46C8-AFF4-8D7CC5607BC6}.Release|x86.ActiveCfg = Release|Any CPU
		{3A8E3E7D-4ADD-46C8-AFF4-8D7CC5607BC6}.Release|x86.Build.0 = Release|Any CPU
		{31D05312-4968-45DD-95B9-601736E6EBD9}.Debug|Any CPU.ActiveCfg = Debug|Any CPU
		{31D05312-4968-45DD-95B9-601736E6EBD9}.Debug|Any CPU.Build.0 = Debug|Any CPU
		{31D05312-4968-45DD-95B9-601736E6EBD9}.Debug|Mixed Platforms.ActiveCfg = Debug|Any CPU
		{31D05312-4968-45DD-95B9-601736E6EBD9}.Debug|Mixed Platforms.Build.0 = Debug|Any CPU
		{31D05312-4968-45DD-95B9-601736E6EBD9}.Debug|x86.ActiveCfg = Debug|Any CPU
		{31D05312-4968-45DD-95B9-601736E6EBD9}.Debug|x86.Build.0 = Debug|Any CPU
		{31D05312-4968-45DD-95B9-601736E6EBD9}.Release|Any CPU.ActiveCfg = Release|Any CPU
		{31D05312-4968-45DD-95B9-601736E6EBD9}.Release|Any CPU.Build.0 = Release|Any CPU
		{31D05312-4968-45DD-95B9-601736E6EBD9}.Release|Mixed Platforms.ActiveCfg = Release|Any CPU
		{31D05312-4968-45DD-95B9-601736E6EBD9}.Release|Mixed Platforms.Build.0 = Release|Any CPU
		{31D05312-4968-45DD-95B9-601736E6EBD9}.Release|x86.ActiveCfg = Release|Any CPU
		{31D05312-4968-45DD-95B9-601736E6EBD9}.Release|x86.Build.0 = Release|Any CPU
		{356DE6DB-4475-4293-9B5D-18A5892DF663}.Debug|Any CPU.ActiveCfg = Debug|Any CPU
		{356DE6DB-4475-4293-9B5D-18A5892DF663}.Debug|Any CPU.Build.0 = Debug|Any CPU
		{356DE6DB-4475-4293-9B5D-18A5892DF663}.Debug|Mixed Platforms.ActiveCfg = Debug|Any CPU
		{356DE6DB-4475-4293-9B5D-18A5892DF663}.Debug|Mixed Platforms.Build.0 = Debug|Any CPU
		{356DE6DB-4475-4293-9B5D-18A5892DF663}.Debug|x86.ActiveCfg = Debug|Any CPU
		{356DE6DB-4475-4293-9B5D-18A5892DF663}.Debug|x86.Build.0 = Debug|Any CPU
		{356DE6DB-4475-4293-9B5D-18A5892DF663}.Release|Any CPU.ActiveCfg = Release|Any CPU
		{356DE6DB-4475-4293-9B5D-18A5892DF663}.Release|Any CPU.Build.0 = Release|Any CPU
		{356DE6DB-4475-4293-9B5D-18A5892DF663}.Release|Mixed Platforms.ActiveCfg = Release|Any CPU
		{356DE6DB-4475-4293-9B5D-18A5892DF663}.Release|Mixed Platforms.Build.0 = Release|Any CPU
		{356DE6DB-4475-4293-9B5D-18A5892DF663}.Release|x86.ActiveCfg = Release|Any CPU
		{356DE6DB-4475-4293-9B5D-18A5892DF663}.Release|x86.Build.0 = Release|Any CPU
		{7D6DDC04-EA96-4516-8A15-4206DA394413}.Debug|Any CPU.ActiveCfg = Debug|Any CPU
		{7D6DDC04-EA96-4516-8A15-4206DA394413}.Debug|Any CPU.Build.0 = Debug|Any CPU
		{7D6DDC04-EA96-4516-8A15-4206DA394413}.Debug|Mixed Platforms.ActiveCfg = Debug|Any CPU
		{7D6DDC04-EA96-4516-8A15-4206DA394413}.Debug|Mixed Platforms.Build.0 = Debug|Any CPU
		{7D6DDC04-EA96-4516-8A15-4206DA394413}.Debug|x86.ActiveCfg = Debug|Any CPU
		{7D6DDC04-EA96-4516-8A15-4206DA394413}.Debug|x86.Build.0 = Debug|Any CPU
		{7D6DDC04-EA96-4516-8A15-4206DA394413}.Release|Any CPU.ActiveCfg = Release|Any CPU
		{7D6DDC04-EA96-4516-8A15-4206DA394413}.Release|Any CPU.Build.0 = Release|Any CPU
		{7D6DDC04-EA96-4516-8A15-4206DA394413}.Release|Mixed Platforms.ActiveCfg = Release|Any CPU
		{7D6DDC04-EA96-4516-8A15-4206DA394413}.Release|Mixed Platforms.Build.0 = Release|Any CPU
		{7D6DDC04-EA96-4516-8A15-4206DA394413}.Release|x86.ActiveCfg = Release|Any CPU
		{7D6DDC04-EA96-4516-8A15-4206DA394413}.Release|x86.Build.0 = Release|Any CPU
		{E14A9720-C254-4224-9781-640B7B847BCD}.Debug|Any CPU.ActiveCfg = Debug|Any CPU
		{E14A9720-C254-4224-9781-640B7B847BCD}.Debug|Any CPU.Build.0 = Debug|Any CPU
		{E14A9720-C254-4224-9781-640B7B847BCD}.Debug|Mixed Platforms.ActiveCfg = Debug|Any CPU
		{E14A9720-C254-4224-9781-640B7B847BCD}.Debug|Mixed Platforms.Build.0 = Debug|Any CPU
		{E14A9720-C254-4224-9781-640B7B847BCD}.Debug|x86.ActiveCfg = Debug|Any CPU
		{E14A9720-C254-4224-9781-640B7B847BCD}.Debug|x86.Build.0 = Debug|Any CPU
		{E14A9720-C254-4224-9781-640B7B847BCD}.Release|Any CPU.ActiveCfg = Release|Any CPU
		{E14A9720-C254-4224-9781-640B7B847BCD}.Release|Any CPU.Build.0 = Release|Any CPU
		{E14A9720-C254-4224-9781-640B7B847BCD}.Release|Mixed Platforms.ActiveCfg = Release|Any CPU
		{E14A9720-C254-4224-9781-640B7B847BCD}.Release|Mixed Platforms.Build.0 = Release|Any CPU
		{E14A9720-C254-4224-9781-640B7B847BCD}.Release|x86.ActiveCfg = Release|Any CPU
		{E14A9720-C254-4224-9781-640B7B847BCD}.Release|x86.Build.0 = Release|Any CPU
	EndGlobalSection
	GlobalSection(SolutionProperties) = preSolution
		HideSolutionNode = FALSE
	EndGlobalSection
	GlobalSection(NestedProjects) = preSolution
		{E14A9720-C254-4224-9781-640B7B847BCD} = {A623AA51-57F1-4956-A94A-1E01A33F9EFE}
	EndGlobalSection
	GlobalSection(ExtensibilityGlobals) = postSolution
		SolutionGuid = {59FEA75C-18C8-4F33-9A55-9DDB5FCA3FB9}
	EndGlobalSection
EndGlobal
