
Microsoft Visual Studio Solution File, Format Version 12.00
# Visual Studio Version 16
VisualStudioVersion = 16.0.28803.202
MinimumVisualStudioVersion = 10.0.40219.1
Project("{2150E333-8FDC-42A3-9474-1A3956D46DE8}") = "Solution Items", "Solution Items", "{19403C84-DF19-40D9-8CA6-1B2545E9DA99}"
	ProjectSection(SolutionItems) = preProject
		EncodingTool.fsx = EncodingTool.fsx
		README.txt = README.txt
	EndProjectSection
EndProject
Project("{9A19103F-16F7-4668-BE54-9A1E7A4F7556}") = "NTextCat.Commons", "NTextCat.Commons\NTextCat.Commons.csproj", "{3A8E3E7D-4ADD-46C8-AFF4-8D7CC5607BC6}"
EndProject
Project("{9A19103F-16F7-4668-BE54-9A1E7A4F7556}") = "NTextCat.NClassify", "NTextCat.NClassify\NTextCat.NClassify.csproj", "{31D05312-4968-45DD-95B9-601736E6EBD9}"
EndProject
Project("{9A19103F-16F7-4668-BE54-9A1E7A4F7556}") = "NTextCat.Core", "NTextCat.Core\NTextCat.Core.csproj", "{356DE6DB-4475-4293-9B5D-18A5892DF663}"
EndProject
Project("{9A19103F-16F7-4668-BE54-9A1E7A4F7556}") = "NTextCat.Cli", "NTextCat.Cli\NTextCat.Cli.csproj", "{7D6DDC04-EA96-4516-8A15-4206DA394413}"
EndProject
Project("{2150E333-8FDC-42A3-9474-1A3956D46DE8}") = "Tests", "Tests", "{A623AA51-57F1-4956-A94A-1E01A33F9EFE}"
EndProject
Project("{9A19103F-16F7-4668-BE54-9A1E7A4F7556}") = "NTextCat.Tests", "NTextCat.Tests\NTextCat.Tests.csproj", "{E14A9720-C254-4224-9781-640B7B847BCD}"
EndProject
Project("{2150E333-8FDC-42A3-9474-1A3956D46DE8}") = "LanguageModels", "LanguageModels", "{2D88E576-72B1-4498-92DA-5D602B260E3F}"
	ProjectSection(SolutionItems) = preProject
		LanguageModels\Core14.profile.xml = LanguageModels\Core14.profile.xml
	EndProjectSection
EndProject
Project("{2150E333-8FDC-42A3-9474-1A3956D46DE8}") = "Wikipedia-All-Utf8", "Wikipedia-All-Utf8", "{97071653-694E-412F-BF2E-C1AB6D77DA51}"
	ProjectSection(SolutionItems) = preProject
		LanguageModels\Wikipedia-All-Utf8\aa.txt = LanguageModels\Wikipedia-All-Utf8\aa.txt
		LanguageModels\Wikipedia-All-Utf8\ab.txt = LanguageModels\Wikipedia-All-Utf8\ab.txt
		LanguageModels\Wikipedia-All-Utf8\ace.txt = LanguageModels\Wikipedia-All-Utf8\ace.txt
		LanguageModels\Wikipedia-All-Utf8\af.txt = LanguageModels\Wikipedia-All-Utf8\af.txt
		LanguageModels\Wikipedia-All-Utf8\ak.txt = LanguageModels\Wikipedia-All-Utf8\ak.txt
		LanguageModels\Wikipedia-All-Utf8\als.txt = LanguageModels\Wikipedia-All-Utf8\als.txt
		LanguageModels\Wikipedia-All-Utf8\am.txt = LanguageModels\Wikipedia-All-Utf8\am.txt
		LanguageModels\Wikipedia-All-Utf8\an.txt = LanguageModels\Wikipedia-All-Utf8\an.txt
		LanguageModels\Wikipedia-All-Utf8\ang.txt = LanguageModels\Wikipedia-All-Utf8\ang.txt
		LanguageModels\Wikipedia-All-Utf8\ar.txt = LanguageModels\Wikipedia-All-Utf8\ar.txt
		LanguageModels\Wikipedia-All-Utf8\arc.txt = LanguageModels\Wikipedia-All-Utf8\arc.txt
		LanguageModels\Wikipedia-All-Utf8\arz.txt = LanguageModels\Wikipedia-All-Utf8\arz.txt
		LanguageModels\Wikipedia-All-Utf8\as.txt = LanguageModels\Wikipedia-All-Utf8\as.txt
		LanguageModels\Wikipedia-All-Utf8\ast.txt = LanguageModels\Wikipedia-All-Utf8\ast.txt
		LanguageModels\Wikipedia-All-Utf8\av.txt = LanguageModels\Wikipedia-All-Utf8\av.txt
		LanguageModels\Wikipedia-All-Utf8\ay.txt = LanguageModels\Wikipedia-All-Utf8\ay.txt
		LanguageModels\Wikipedia-All-Utf8\az.txt = LanguageModels\Wikipedia-All-Utf8\az.txt
		LanguageModels\Wikipedia-All-Utf8\ba.txt = LanguageModels\Wikipedia-All-Utf8\ba.txt
		LanguageModels\Wikipedia-All-Utf8\bar.txt = LanguageModels\Wikipedia-All-Utf8\bar.txt
		LanguageModels\Wikipedia-All-Utf8\bat_smg.txt = LanguageModels\Wikipedia-All-Utf8\bat_smg.txt
		LanguageModels\Wikipedia-All-Utf8\bcl.txt = LanguageModels\Wikipedia-All-Utf8\bcl.txt
		LanguageModels\Wikipedia-All-Utf8\be.txt = LanguageModels\Wikipedia-All-Utf8\be.txt
		LanguageModels\Wikipedia-All-Utf8\be_x_old.txt = LanguageModels\Wikipedia-All-Utf8\be_x_old.txt
		LanguageModels\Wikipedia-All-Utf8\bg.txt = LanguageModels\Wikipedia-All-Utf8\bg.txt
		LanguageModels\Wikipedia-All-Utf8\bh.txt = LanguageModels\Wikipedia-All-Utf8\bh.txt
		LanguageModels\Wikipedia-All-Utf8\bi.txt = LanguageModels\Wikipedia-All-Utf8\bi.txt
		LanguageModels\Wikipedia-All-Utf8\bjn.txt = LanguageModels\Wikipedia-All-Utf8\bjn.txt
		LanguageModels\Wikipedia-All-Utf8\bm.txt = LanguageModels\Wikipedia-All-Utf8\bm.txt
		LanguageModels\Wikipedia-All-Utf8\bn.txt = LanguageModels\Wikipedia-All-Utf8\bn.txt
		LanguageModels\Wikipedia-All-Utf8\bo.txt = LanguageModels\Wikipedia-All-Utf8\bo.txt
		LanguageModels\Wikipedia-All-Utf8\bpy.txt = LanguageModels\Wikipedia-All-Utf8\bpy.txt
		LanguageModels\Wikipedia-All-Utf8\br.txt = LanguageModels\Wikipedia-All-Utf8\br.txt
		LanguageModels\Wikipedia-All-Utf8\bs.txt = LanguageModels\Wikipedia-All-Utf8\bs.txt
		LanguageModels\Wikipedia-All-Utf8\bug.txt = LanguageModels\Wikipedia-All-Utf8\bug.txt
		LanguageModels\Wikipedia-All-Utf8\bxr.txt = LanguageModels\Wikipedia-All-Utf8\bxr.txt
		LanguageModels\Wikipedia-All-Utf8\ca.txt = LanguageModels\Wikipedia-All-Utf8\ca.txt
		LanguageModels\Wikipedia-All-Utf8\cbk_zam.txt = LanguageModels\Wikipedia-All-Utf8\cbk_zam.txt
		LanguageModels\Wikipedia-All-Utf8\cdo.txt = LanguageModels\Wikipedia-All-Utf8\cdo.txt
		LanguageModels\Wikipedia-All-Utf8\ce.txt = LanguageModels\Wikipedia-All-Utf8\ce.txt
		LanguageModels\Wikipedia-All-Utf8\ceb.txt = LanguageModels\Wikipedia-All-Utf8\ceb.txt
		LanguageModels\Wikipedia-All-Utf8\ch.txt = LanguageModels\Wikipedia-All-Utf8\ch.txt
		LanguageModels\Wikipedia-All-Utf8\cho.txt = LanguageModels\Wikipedia-All-Utf8\cho.txt
		LanguageModels\Wikipedia-All-Utf8\chr.txt = LanguageModels\Wikipedia-All-Utf8\chr.txt
		LanguageModels\Wikipedia-All-Utf8\chy.txt = LanguageModels\Wikipedia-All-Utf8\chy.txt
		LanguageModels\Wikipedia-All-Utf8\ckb.txt = LanguageModels\Wikipedia-All-Utf8\ckb.txt
		LanguageModels\Wikipedia-All-Utf8\co.txt = LanguageModels\Wikipedia-All-Utf8\co.txt
		LanguageModels\Wikipedia-All-Utf8\cr.txt = LanguageModels\Wikipedia-All-Utf8\cr.txt
		LanguageModels\Wikipedia-All-Utf8\crh.txt = LanguageModels\Wikipedia-All-Utf8\crh.txt
		LanguageModels\Wikipedia-All-Utf8\cs.txt = LanguageModels\Wikipedia-All-Utf8\cs.txt
		LanguageModels\Wikipedia-All-Utf8\csb.txt = LanguageModels\Wikipedia-All-Utf8\csb.txt
		LanguageModels\Wikipedia-All-Utf8\cu.txt = LanguageModels\Wikipedia-All-Utf8\cu.txt
		LanguageModels\Wikipedia-All-Utf8\cv.txt = LanguageModels\Wikipedia-All-Utf8\cv.txt
		LanguageModels\Wikipedia-All-Utf8\cy.txt = LanguageModels\Wikipedia-All-Utf8\cy.txt
		LanguageModels\Wikipedia-All-Utf8\da.txt = LanguageModels\Wikipedia-All-Utf8\da.txt
		LanguageModels\Wikipedia-All-Utf8\de.txt = LanguageModels\Wikipedia-All-Utf8\de.txt
		LanguageModels\Wikipedia-All-Utf8\diq.txt = LanguageModels\Wikipedia-All-Utf8\diq.txt
		LanguageModels\Wikipedia-All-Utf8\dsb.txt = LanguageModels\Wikipedia-All-Utf8\dsb.txt
		LanguageModels\Wikipedia-All-Utf8\dv.txt = LanguageModels\Wikipedia-All-Utf8\dv.txt
		LanguageModels\Wikipedia-All-Utf8\dz.txt = LanguageModels\Wikipedia-All-Utf8\dz.txt
		LanguageModels\Wikipedia-All-Utf8\ee.txt = LanguageModels\Wikipedia-All-Utf8\ee.txt
		LanguageModels\Wikipedia-All-Utf8\el.txt = LanguageModels\Wikipedia-All-Utf8\el.txt
		LanguageModels\Wikipedia-All-Utf8\eml.txt = LanguageModels\Wikipedia-All-Utf8\eml.txt
		LanguageModels\Wikipedia-All-Utf8\en.txt = LanguageModels\Wikipedia-All-Utf8\en.txt
		LanguageModels\Wikipedia-All-Utf8\eo.txt = LanguageModels\Wikipedia-All-Utf8\eo.txt
		LanguageModels\Wikipedia-All-Utf8\es.txt = LanguageModels\Wikipedia-All-Utf8\es.txt
		LanguageModels\Wikipedia-All-Utf8\et.txt = LanguageModels\Wikipedia-All-Utf8\et.txt
		LanguageModels\Wikipedia-All-Utf8\eu.txt = LanguageModels\Wikipedia-All-Utf8\eu.txt
		LanguageModels\Wikipedia-All-Utf8\ext.txt = LanguageModels\Wikipedia-All-Utf8\ext.txt
		LanguageModels\Wikipedia-All-Utf8\fa.txt = LanguageModels\Wikipedia-All-Utf8\fa.txt
		LanguageModels\Wikipedia-All-Utf8\ff.txt = LanguageModels\Wikipedia-All-Utf8\ff.txt
		LanguageModels\Wikipedia-All-Utf8\fi.txt = LanguageModels\Wikipedia-All-Utf8\fi.txt
		LanguageModels\Wikipedia-All-Utf8\fiu_vro.txt = LanguageModels\Wikipedia-All-Utf8\fiu_vro.txt
		LanguageModels\Wikipedia-All-Utf8\fj.txt = LanguageModels\Wikipedia-All-Utf8\fj.txt
		LanguageModels\Wikipedia-All-Utf8\fo.txt = LanguageModels\Wikipedia-All-Utf8\fo.txt
		LanguageModels\Wikipedia-All-Utf8\fr.txt = LanguageModels\Wikipedia-All-Utf8\fr.txt
		LanguageModels\Wikipedia-All-Utf8\frp.txt = LanguageModels\Wikipedia-All-Utf8\frp.txt
		LanguageModels\Wikipedia-All-Utf8\frr.txt = LanguageModels\Wikipedia-All-Utf8\frr.txt
		LanguageModels\Wikipedia-All-Utf8\fur.txt = LanguageModels\Wikipedia-All-Utf8\fur.txt
		LanguageModels\Wikipedia-All-Utf8\fy.txt = LanguageModels\Wikipedia-All-Utf8\fy.txt
		LanguageModels\Wikipedia-All-Utf8\ga.txt = LanguageModels\Wikipedia-All-Utf8\ga.txt
		LanguageModels\Wikipedia-All-Utf8\gag.txt = LanguageModels\Wikipedia-All-Utf8\gag.txt
		LanguageModels\Wikipedia-All-Utf8\gan.txt = LanguageModels\Wikipedia-All-Utf8\gan.txt
		LanguageModels\Wikipedia-All-Utf8\gd.txt = LanguageModels\Wikipedia-All-Utf8\gd.txt
		LanguageModels\Wikipedia-All-Utf8\gl.txt = LanguageModels\Wikipedia-All-Utf8\gl.txt
		LanguageModels\Wikipedia-All-Utf8\glk.txt = LanguageModels\Wikipedia-All-Utf8\glk.txt
		LanguageModels\Wikipedia-All-Utf8\gn.txt = LanguageModels\Wikipedia-All-Utf8\gn.txt
		LanguageModels\Wikipedia-All-Utf8\got.txt = LanguageModels\Wikipedia-All-Utf8\got.txt
		LanguageModels\Wikipedia-All-Utf8\gu.txt = LanguageModels\Wikipedia-All-Utf8\gu.txt
		LanguageModels\Wikipedia-All-Utf8\gv.txt = LanguageModels\Wikipedia-All-Utf8\gv.txt
		LanguageModels\Wikipedia-All-Utf8\ha.txt = LanguageModels\Wikipedia-All-Utf8\ha.txt
		LanguageModels\Wikipedia-All-Utf8\hak.txt = LanguageModels\Wikipedia-All-Utf8\hak.txt
		LanguageModels\Wikipedia-All-Utf8\haw.txt = LanguageModels\Wikipedia-All-Utf8\haw.txt
		LanguageModels\Wikipedia-All-Utf8\he.txt = LanguageModels\Wikipedia-All-Utf8\he.txt
		LanguageModels\Wikipedia-All-Utf8\hi.txt = LanguageModels\Wikipedia-All-Utf8\hi.txt
		LanguageModels\Wikipedia-All-Utf8\hif.txt = LanguageModels\Wikipedia-All-Utf8\hif.txt
		LanguageModels\Wikipedia-All-Utf8\ho.txt = LanguageModels\Wikipedia-All-Utf8\ho.txt
		LanguageModels\Wikipedia-All-Utf8\hr.txt = LanguageModels\Wikipedia-All-Utf8\hr.txt
		LanguageModels\Wikipedia-All-Utf8\hsb.txt = LanguageModels\Wikipedia-All-Utf8\hsb.txt
		LanguageModels\Wikipedia-All-Utf8\ht.txt = LanguageModels\Wikipedia-All-Utf8\ht.txt
		LanguageModels\Wikipedia-All-Utf8\hu.txt = LanguageModels\Wikipedia-All-Utf8\hu.txt
		LanguageModels\Wikipedia-All-Utf8\hy.txt = LanguageModels\Wikipedia-All-Utf8\hy.txt
		LanguageModels\Wikipedia-All-Utf8\hz.txt = LanguageModels\Wikipedia-All-Utf8\hz.txt
		LanguageModels\Wikipedia-All-Utf8\ia.txt = LanguageModels\Wikipedia-All-Utf8\ia.txt
		LanguageModels\Wikipedia-All-Utf8\id.txt = LanguageModels\Wikipedia-All-Utf8\id.txt
		LanguageModels\Wikipedia-All-Utf8\ie.txt = LanguageModels\Wikipedia-All-Utf8\ie.txt
		LanguageModels\Wikipedia-All-Utf8\ig.txt = LanguageModels\Wikipedia-All-Utf8\ig.txt
		LanguageModels\Wikipedia-All-Utf8\ii.txt = LanguageModels\Wikipedia-All-Utf8\ii.txt
		LanguageModels\Wikipedia-All-Utf8\ik.txt = LanguageModels\Wikipedia-All-Utf8\ik.txt
		LanguageModels\Wikipedia-All-Utf8\ilo.txt = LanguageModels\Wikipedia-All-Utf8\ilo.txt
		LanguageModels\Wikipedia-All-Utf8\io.txt = LanguageModels\Wikipedia-All-Utf8\io.txt
		LanguageModels\Wikipedia-All-Utf8\is.txt = LanguageModels\Wikipedia-All-Utf8\is.txt
		LanguageModels\Wikipedia-All-Utf8\it.txt = LanguageModels\Wikipedia-All-Utf8\it.txt
		LanguageModels\Wikipedia-All-Utf8\iu.txt = LanguageModels\Wikipedia-All-Utf8\iu.txt
		LanguageModels\Wikipedia-All-Utf8\ja.txt = LanguageModels\Wikipedia-All-Utf8\ja.txt
		LanguageModels\Wikipedia-All-Utf8\jbo.txt = LanguageModels\Wikipedia-All-Utf8\jbo.txt
		LanguageModels\Wikipedia-All-Utf8\jv.txt = LanguageModels\Wikipedia-All-Utf8\jv.txt
		LanguageModels\Wikipedia-All-Utf8\ka.txt = LanguageModels\Wikipedia-All-Utf8\ka.txt
		LanguageModels\Wikipedia-All-Utf8\kaa.txt = LanguageModels\Wikipedia-All-Utf8\kaa.txt
		LanguageModels\Wikipedia-All-Utf8\kab.txt = LanguageModels\Wikipedia-All-Utf8\kab.txt
		LanguageModels\Wikipedia-All-Utf8\kbd.txt = LanguageModels\Wikipedia-All-Utf8\kbd.txt
		LanguageModels\Wikipedia-All-Utf8\kg.txt = LanguageModels\Wikipedia-All-Utf8\kg.txt
		LanguageModels\Wikipedia-All-Utf8\ki.txt = LanguageModels\Wikipedia-All-Utf8\ki.txt
		LanguageModels\Wikipedia-All-Utf8\kj.txt = LanguageModels\Wikipedia-All-Utf8\kj.txt
		LanguageModels\Wikipedia-All-Utf8\kk.txt = LanguageModels\Wikipedia-All-Utf8\kk.txt
		LanguageModels\Wikipedia-All-Utf8\kl.txt = LanguageModels\Wikipedia-All-Utf8\kl.txt
		LanguageModels\Wikipedia-All-Utf8\km.txt = LanguageModels\Wikipedia-All-Utf8\km.txt
		LanguageModels\Wikipedia-All-Utf8\kn.txt = LanguageModels\Wikipedia-All-Utf8\kn.txt
		LanguageModels\Wikipedia-All-Utf8\ko.txt = LanguageModels\Wikipedia-All-Utf8\ko.txt
		LanguageModels\Wikipedia-All-Utf8\koi.txt = LanguageModels\Wikipedia-All-Utf8\koi.txt
		LanguageModels\Wikipedia-All-Utf8\kr.txt = LanguageModels\Wikipedia-All-Utf8\kr.txt
		LanguageModels\Wikipedia-All-Utf8\krc.txt = LanguageModels\Wikipedia-All-Utf8\krc.txt
		LanguageModels\Wikipedia-All-Utf8\ks.txt = LanguageModels\Wikipedia-All-Utf8\ks.txt
		LanguageModels\Wikipedia-All-Utf8\ksh.txt = LanguageModels\Wikipedia-All-Utf8\ksh.txt
		LanguageModels\Wikipedia-All-Utf8\ku.txt = LanguageModels\Wikipedia-All-Utf8\ku.txt
		LanguageModels\Wikipedia-All-Utf8\kv.txt = LanguageModels\Wikipedia-All-Utf8\kv.txt
		LanguageModels\Wikipedia-All-Utf8\kw.txt = LanguageModels\Wikipedia-All-Utf8\kw.txt
		LanguageModels\Wikipedia-All-Utf8\ky.txt = LanguageModels\Wikipedia-All-Utf8\ky.txt
		LanguageModels\Wikipedia-All-Utf8\la.txt = LanguageModels\Wikipedia-All-Utf8\la.txt
		LanguageModels\Wikipedia-All-Utf8\lad.txt = LanguageModels\Wikipedia-All-Utf8\lad.txt
		LanguageModels\Wikipedia-All-Utf8\lb.txt = LanguageModels\Wikipedia-All-Utf8\lb.txt
		LanguageModels\Wikipedia-All-Utf8\lbe.txt = LanguageModels\Wikipedia-All-Utf8\lbe.txt
		LanguageModels\Wikipedia-All-Utf8\lg.txt = LanguageModels\Wikipedia-All-Utf8\lg.txt
		LanguageModels\Wikipedia-All-Utf8\li.txt = LanguageModels\Wikipedia-All-Utf8\li.txt
		LanguageModels\Wikipedia-All-Utf8\lij.txt = LanguageModels\Wikipedia-All-Utf8\lij.txt
		LanguageModels\Wikipedia-All-Utf8\lmo.txt = LanguageModels\Wikipedia-All-Utf8\lmo.txt
		LanguageModels\Wikipedia-All-Utf8\ln.txt = LanguageModels\Wikipedia-All-Utf8\ln.txt
		LanguageModels\Wikipedia-All-Utf8\lo.txt = LanguageModels\Wikipedia-All-Utf8\lo.txt
		LanguageModels\Wikipedia-All-Utf8\lt.txt = LanguageModels\Wikipedia-All-Utf8\lt.txt
		LanguageModels\Wikipedia-All-Utf8\ltg.txt = LanguageModels\Wikipedia-All-Utf8\ltg.txt
		LanguageModels\Wikipedia-All-Utf8\lv.txt = LanguageModels\Wikipedia-All-Utf8\lv.txt
		LanguageModels\Wikipedia-All-Utf8\map_bms.txt = LanguageModels\Wikipedia-All-Utf8\map_bms.txt
		LanguageModels\Wikipedia-All-Utf8\mdf.txt = LanguageModels\Wikipedia-All-Utf8\mdf.txt
		LanguageModels\Wikipedia-All-Utf8\mg.txt = LanguageModels\Wikipedia-All-Utf8\mg.txt
		LanguageModels\Wikipedia-All-Utf8\mh.txt = LanguageModels\Wikipedia-All-Utf8\mh.txt
		LanguageModels\Wikipedia-All-Utf8\mhr.txt = LanguageModels\Wikipedia-All-Utf8\mhr.txt
		LanguageModels\Wikipedia-All-Utf8\mi.txt = LanguageModels\Wikipedia-All-Utf8\mi.txt
		LanguageModels\Wikipedia-All-Utf8\mk.txt = LanguageModels\Wikipedia-All-Utf8\mk.txt
		LanguageModels\Wikipedia-All-Utf8\ml.txt = LanguageModels\Wikipedia-All-Utf8\ml.txt
		LanguageModels\Wikipedia-All-Utf8\mn.txt = LanguageModels\Wikipedia-All-Utf8\mn.txt
		LanguageModels\Wikipedia-All-Utf8\mo.txt = LanguageModels\Wikipedia-All-Utf8\mo.txt
		LanguageModels\Wikipedia-All-Utf8\mr.txt = LanguageModels\Wikipedia-All-Utf8\mr.txt
		LanguageModels\Wikipedia-All-Utf8\mrj.txt = LanguageModels\Wikipedia-All-Utf8\mrj.txt
		LanguageModels\Wikipedia-All-Utf8\ms.txt = LanguageModels\Wikipedia-All-Utf8\ms.txt
		LanguageModels\Wikipedia-All-Utf8\mt.txt = LanguageModels\Wikipedia-All-Utf8\mt.txt
		LanguageModels\Wikipedia-All-Utf8\mus.txt = LanguageModels\Wikipedia-All-Utf8\mus.txt
		LanguageModels\Wikipedia-All-Utf8\mwl.txt = LanguageModels\Wikipedia-All-Utf8\mwl.txt
		LanguageModels\Wikipedia-All-Utf8\my.txt = LanguageModels\Wikipedia-All-Utf8\my.txt
		LanguageModels\Wikipedia-All-Utf8\myv.txt = LanguageModels\Wikipedia-All-Utf8\myv.txt
		LanguageModels\Wikipedia-All-Utf8\mzn.txt = LanguageModels\Wikipedia-All-Utf8\mzn.txt
		LanguageModels\Wikipedia-All-Utf8\na.txt = LanguageModels\Wikipedia-All-Utf8\na.txt
		LanguageModels\Wikipedia-All-Utf8\nah.txt = LanguageModels\Wikipedia-All-Utf8\nah.txt
		LanguageModels\Wikipedia-All-Utf8\nap.txt = LanguageModels\Wikipedia-All-Utf8\nap.txt
		LanguageModels\Wikipedia-All-Utf8\nds.txt = LanguageModels\Wikipedia-All-Utf8\nds.txt
		LanguageModels\Wikipedia-All-Utf8\nds_nl.txt = LanguageModels\Wikipedia-All-Utf8\nds_nl.txt
		LanguageModels\Wikipedia-All-Utf8\ne.txt = LanguageModels\Wikipedia-All-Utf8\ne.txt
		LanguageModels\Wikipedia-All-Utf8\new.txt = LanguageModels\Wikipedia-All-Utf8\new.txt
		LanguageModels\Wikipedia-All-Utf8\ng.txt = LanguageModels\Wikipedia-All-Utf8\ng.txt
		LanguageModels\Wikipedia-All-Utf8\nl.txt = LanguageModels\Wikipedia-All-Utf8\nl.txt
		LanguageModels\Wikipedia-All-Utf8\nn.txt = LanguageModels\Wikipedia-All-Utf8\nn.txt
		LanguageModels\Wikipedia-All-Utf8\no.txt = LanguageModels\Wikipedia-All-Utf8\no.txt
		LanguageModels\Wikipedia-All-Utf8\nov.txt = LanguageModels\Wikipedia-All-Utf8\nov.txt
		LanguageModels\Wikipedia-All-Utf8\nrm.txt = LanguageModels\Wikipedia-All-Utf8\nrm.txt
		LanguageModels\Wikipedia-All-Utf8\nv.txt = LanguageModels\Wikipedia-All-Utf8\nv.txt
		LanguageModels\Wikipedia-All-Utf8\ny.txt = LanguageModels\Wikipedia-All-Utf8\ny.txt
		LanguageModels\Wikipedia-All-Utf8\oc.txt = LanguageModels\Wikipedia-All-Utf8\oc.txt
		LanguageModels\Wikipedia-All-Utf8\om.txt = LanguageModels\Wikipedia-All-Utf8\om.txt
		LanguageModels\Wikipedia-All-Utf8\or.txt = LanguageModels\Wikipedia-All-Utf8\or.txt
		LanguageModels\Wikipedia-All-Utf8\os.txt = LanguageModels\Wikipedia-All-Utf8\os.txt
		LanguageModels\Wikipedia-All-Utf8\pa.txt = LanguageModels\Wikipedia-All-Utf8\pa.txt
		LanguageModels\Wikipedia-All-Utf8\pag.txt = LanguageModels\Wikipedia-All-Utf8\pag.txt
		LanguageModels\Wikipedia-All-Utf8\pam.txt = LanguageModels\Wikipedia-All-Utf8\pam.txt
		LanguageModels\Wikipedia-All-Utf8\pap.txt = LanguageModels\Wikipedia-All-Utf8\pap.txt
		LanguageModels\Wikipedia-All-Utf8\pcd.txt = LanguageModels\Wikipedia-All-Utf8\pcd.txt
		LanguageModels\Wikipedia-All-Utf8\pdc.txt = LanguageModels\Wikipedia-All-Utf8\pdc.txt
		LanguageModels\Wikipedia-All-Utf8\pfl.txt = LanguageModels\Wikipedia-All-Utf8\pfl.txt
		LanguageModels\Wikipedia-All-Utf8\pi.txt = LanguageModels\Wikipedia-All-Utf8\pi.txt
		LanguageModels\Wikipedia-All-Utf8\pih.txt = LanguageModels\Wikipedia-All-Utf8\pih.txt
		LanguageModels\Wikipedia-All-Utf8\pl.txt = LanguageModels\Wikipedia-All-Utf8\pl.txt
		LanguageModels\Wikipedia-All-Utf8\pms.txt = LanguageModels\Wikipedia-All-Utf8\pms.txt
		LanguageModels\Wikipedia-All-Utf8\pnb.txt = LanguageModels\Wikipedia-All-Utf8\pnb.txt
		LanguageModels\Wikipedia-All-Utf8\pnt.txt = LanguageModels\Wikipedia-All-Utf8\pnt.txt
		LanguageModels\Wikipedia-All-Utf8\ps.txt = LanguageModels\Wikipedia-All-Utf8\ps.txt
		LanguageModels\Wikipedia-All-Utf8\pt.txt = LanguageModels\Wikipedia-All-Utf8\pt.txt
		LanguageModels\Wikipedia-All-Utf8\qu.txt = LanguageModels\Wikipedia-All-Utf8\qu.txt
		LanguageModels\Wikipedia-All-Utf8\rm.txt = LanguageModels\Wikipedia-All-Utf8\rm.txt
		LanguageModels\Wikipedia-All-Utf8\rmy.txt = LanguageModels\Wikipedia-All-Utf8\rmy.txt
		LanguageModels\Wikipedia-All-Utf8\rn.txt = LanguageModels\Wikipedia-All-Utf8\rn.txt
		LanguageModels\Wikipedia-All-Utf8\ro.txt = LanguageModels\Wikipedia-All-Utf8\ro.txt
		LanguageModels\Wikipedia-All-Utf8\roa_rup.txt = LanguageModels\Wikipedia-All-Utf8\roa_rup.txt
		LanguageModels\Wikipedia-All-Utf8\roa_tara.txt = LanguageModels\Wikipedia-All-Utf8\roa_tara.txt
		LanguageModels\Wikipedia-All-Utf8\ru.txt = LanguageModels\Wikipedia-All-Utf8\ru.txt
		LanguageModels\Wikipedia-All-Utf8\rue.txt = LanguageModels\Wikipedia-All-Utf8\rue.txt
		LanguageModels\Wikipedia-All-Utf8\rw.txt = LanguageModels\Wikipedia-All-Utf8\rw.txt
		LanguageModels\Wikipedia-All-Utf8\sa.txt = LanguageModels\Wikipedia-All-Utf8\sa.txt
		LanguageModels\Wikipedia-All-Utf8\sah.txt = LanguageModels\Wikipedia-All-Utf8\sah.txt
		LanguageModels\Wikipedia-All-Utf8\sc.txt = LanguageModels\Wikipedia-All-Utf8\sc.txt
		LanguageModels\Wikipedia-All-Utf8\scn.txt = LanguageModels\Wikipedia-All-Utf8\scn.txt
		LanguageModels\Wikipedia-All-Utf8\sco.txt = LanguageModels\Wikipedia-All-Utf8\sco.txt
		LanguageModels\Wikipedia-All-Utf8\sd.txt = LanguageModels\Wikipedia-All-Utf8\sd.txt
		LanguageModels\Wikipedia-All-Utf8\se.txt = LanguageModels\Wikipedia-All-Utf8\se.txt
		LanguageModels\Wikipedia-All-Utf8\sg.txt = LanguageModels\Wikipedia-All-Utf8\sg.txt
		LanguageModels\Wikipedia-All-Utf8\sh.txt = LanguageModels\Wikipedia-All-Utf8\sh.txt
		LanguageModels\Wikipedia-All-Utf8\si.txt = LanguageModels\Wikipedia-All-Utf8\si.txt
		LanguageModels\Wikipedia-All-Utf8\simple.txt = LanguageModels\Wikipedia-All-Utf8\simple.txt
		LanguageModels\Wikipedia-All-Utf8\sk.txt = LanguageModels\Wikipedia-All-Utf8\sk.txt
		LanguageModels\Wikipedia-All-Utf8\sl.txt = LanguageModels\Wikipedia-All-Utf8\sl.txt
		LanguageModels\Wikipedia-All-Utf8\sm.txt = LanguageModels\Wikipedia-All-Utf8\sm.txt
		LanguageModels\Wikipedia-All-Utf8\sn.txt = LanguageModels\Wikipedia-All-Utf8\sn.txt
		LanguageModels\Wikipedia-All-Utf8\so.txt = LanguageModels\Wikipedia-All-Utf8\so.txt
		LanguageModels\Wikipedia-All-Utf8\sq.txt = LanguageModels\Wikipedia-All-Utf8\sq.txt
		LanguageModels\Wikipedia-All-Utf8\sr.txt = LanguageModels\Wikipedia-All-Utf8\sr.txt
		LanguageModels\Wikipedia-All-Utf8\srn.txt = LanguageModels\Wikipedia-All-Utf8\srn.txt
		LanguageModels\Wikipedia-All-Utf8\ss.txt = LanguageModels\Wikipedia-All-Utf8\ss.txt
		LanguageModels\Wikipedia-All-Utf8\st.txt = LanguageModels\Wikipedia-All-Utf8\st.txt
		LanguageModels\Wikipedia-All-Utf8\stq.txt = LanguageModels\Wikipedia-All-Utf8\stq.txt
		LanguageModels\Wikipedia-All-Utf8\su.txt = LanguageModels\Wikipedia-All-Utf8\su.txt
		LanguageModels\Wikipedia-All-Utf8\sv.txt = LanguageModels\Wikipedia-All-Utf8\sv.txt
		LanguageModels\Wikipedia-All-Utf8\sw.txt = LanguageModels\Wikipedia-All-Utf8\sw.txt
		LanguageModels\Wikipedia-All-Utf8\szl.txt = LanguageModels\Wikipedia-All-Utf8\szl.txt
		LanguageModels\Wikipedia-All-Utf8\ta.txt = LanguageModels\Wikipedia-All-Utf8\ta.txt
		LanguageModels\Wikipedia-All-Utf8\te.txt = LanguageModels\Wikipedia-All-Utf8\te.txt
		LanguageModels\Wikipedia-All-Utf8\tet.txt = LanguageModels\Wikipedia-All-Utf8\tet.txt
		LanguageModels\Wikipedia-All-Utf8\tg.txt = LanguageModels\Wikipedia-All-Utf8\tg.txt
		LanguageModels\Wikipedia-All-Utf8\th.txt = LanguageModels\Wikipedia-All-Utf8\th.txt
		LanguageModels\Wikipedia-All-Utf8\ti.txt = LanguageModels\Wikipedia-All-Utf8\ti.txt
		LanguageModels\Wikipedia-All-Utf8\tk.txt = LanguageModels\Wikipedia-All-Utf8\tk.txt
		LanguageModels\Wikipedia-All-Utf8\tl.txt = LanguageModels\Wikipedia-All-Utf8\tl.txt
		LanguageModels\Wikipedia-All-Utf8\tn.txt = LanguageModels\Wikipedia-All-Utf8\tn.txt
		LanguageModels\Wikipedia-All-Utf8\to.txt = LanguageModels\Wikipedia-All-Utf8\to.txt
		LanguageModels\Wikipedia-All-Utf8\tpi.txt = LanguageModels\Wikipedia-All-Utf8\tpi.txt
		LanguageModels\Wikipedia-All-Utf8\tr.txt = LanguageModels\Wikipedia-All-Utf8\tr.txt
		LanguageModels\Wikipedia-All-Utf8\ts.txt = LanguageModels\Wikipedia-All-Utf8\ts.txt
		LanguageModels\Wikipedia-All-Utf8\tt.txt = LanguageModels\Wikipedia-All-Utf8\tt.txt
		LanguageModels\Wikipedia-All-Utf8\tum.txt = LanguageModels\Wikipedia-All-Utf8\tum.txt
		LanguageModels\Wikipedia-All-Utf8\tw.txt = LanguageModels\Wikipedia-All-Utf8\tw.txt
		LanguageModels\Wikipedia-All-Utf8\ty.txt = LanguageModels\Wikipedia-All-Utf8\ty.txt
		LanguageModels\Wikipedia-All-Utf8\udm.txt = LanguageModels\Wikipedia-All-Utf8\udm.txt
		LanguageModels\Wikipedia-All-Utf8\ug.txt = LanguageModels\Wikipedia-All-Utf8\ug.txt
		LanguageModels\Wikipedia-All-Utf8\uk.txt = LanguageModels\Wikipedia-All-Utf8\uk.txt
		LanguageModels\Wikipedia-All-Utf8\ur.txt = LanguageModels\Wikipedia-All-Utf8\ur.txt
		LanguageModels\Wikipedia-All-Utf8\uz.txt = LanguageModels\Wikipedia-All-Utf8\uz.txt
		LanguageModels\Wikipedia-All-Utf8\ve.txt = LanguageModels\Wikipedia-All-Utf8\ve.txt
		LanguageModels\Wikipedia-All-Utf8\vec.txt = LanguageModels\Wikipedia-All-Utf8\vec.txt
		LanguageModels\Wikipedia-All-Utf8\vi.txt = LanguageModels\Wikipedia-All-Utf8\vi.txt
		LanguageModels\Wikipedia-All-Utf8\vls.txt = LanguageModels\Wikipedia-All-Utf8\vls.txt
		LanguageModels\Wikipedia-All-Utf8\vo.txt = LanguageModels\Wikipedia-All-Utf8\vo.txt
		LanguageModels\Wikipedia-All-Utf8\wa.txt = LanguageModels\Wikipedia-All-Utf8\wa.txt
		LanguageModels\Wikipedia-All-Utf8\war.txt = LanguageModels\Wikipedia-All-Utf8\war.txt
		LanguageModels\Wikipedia-All-Utf8\wo.txt = LanguageModels\Wikipedia-All-Utf8\wo.txt
		LanguageModels\Wikipedia-All-Utf8\wuu.txt = LanguageModels\Wikipedia-All-Utf8\wuu.txt
		LanguageModels\Wikipedia-All-Utf8\xal.txt = LanguageModels\Wikipedia-All-Utf8\xal.txt
		LanguageModels\Wikipedia-All-Utf8\xh.txt = LanguageModels\Wikipedia-All-Utf8\xh.txt
		LanguageModels\Wikipedia-All-Utf8\yi.txt = LanguageModels\Wikipedia-All-Utf8\yi.txt
		LanguageModels\Wikipedia-All-Utf8\yo.txt = LanguageModels\Wikipedia-All-Utf8\yo.txt
		LanguageModels\Wikipedia-All-Utf8\za.txt = LanguageModels\Wikipedia-All-Utf8\za.txt
		LanguageModels\Wikipedia-All-Utf8\zea.txt = LanguageModels\Wikipedia-All-Utf8\zea.txt
		LanguageModels\Wikipedia-All-Utf8\zh.txt = LanguageModels\Wikipedia-All-Utf8\zh.txt
		LanguageModels\Wikipedia-All-Utf8\zh_classical.txt = LanguageModels\Wikipedia-All-Utf8\zh_classical.txt
		LanguageModels\Wikipedia-All-Utf8\zh_min_nan.txt = LanguageModels\Wikipedia-All-Utf8\zh_min_nan.txt
		LanguageModels\Wikipedia-All-Utf8\zh_yue.txt = LanguageModels\Wikipedia-All-Utf8\zh_yue.txt
		LanguageModels\Wikipedia-All-Utf8\zu.txt = LanguageModels\Wikipedia-All-Utf8\zu.txt
	EndProjectSection
EndProject
Project("{2150E333-8FDC-42A3-9474-1A3956D46DE8}") = "TextCat", "TextCat", "{AB79298D-A7BA-4243-B148-28DFCDBE2BC1}"
EndProject
Project("{2150E333-8FDC-42A3-9474-1A3956D46DE8}") = "LM", "LM", "{3AF00057-76AC-4915-86E3-802D20C74883}"
	ProjectSection(SolutionItems) = preProject
		LanguageModels\TextCat\LM\afrikaans.lm = LanguageModels\TextCat\LM\afrikaans.lm
		LanguageModels\TextCat\LM\albanian.lm = LanguageModels\TextCat\LM\albanian.lm
		LanguageModels\TextCat\LM\amharic-utf.lm = LanguageModels\TextCat\LM\amharic-utf.lm
		LanguageModels\TextCat\LM\arabic-iso8859_6.lm = LanguageModels\TextCat\LM\arabic-iso8859_6.lm
		LanguageModels\TextCat\LM\arabic-windows1256.lm = LanguageModels\TextCat\LM\arabic-windows1256.lm
		LanguageModels\TextCat\LM\armenian.lm = LanguageModels\TextCat\LM\armenian.lm
		LanguageModels\TextCat\LM\basque.lm = LanguageModels\TextCat\LM\basque.lm
		LanguageModels\TextCat\LM\belarus-windows1251.lm = LanguageModels\TextCat\LM\belarus-windows1251.lm
		LanguageModels\TextCat\LM\bosnian.lm = LanguageModels\TextCat\LM\bosnian.lm
		LanguageModels\TextCat\LM\breton.lm = LanguageModels\TextCat\LM\breton.lm
		LanguageModels\TextCat\LM\bulgarian-iso8859_5.lm = LanguageModels\TextCat\LM\bulgarian-iso8859_5.lm
		LanguageModels\TextCat\LM\catalan.lm = LanguageModels\TextCat\LM\catalan.lm
		LanguageModels\TextCat\LM\chinese-big5.lm = LanguageModels\TextCat\LM\chinese-big5.lm
		LanguageModels\TextCat\LM\chinese-gb2312.lm = LanguageModels\TextCat\LM\chinese-gb2312.lm
		LanguageModels\TextCat\LM\croatian-ascii.lm = LanguageModels\TextCat\LM\croatian-ascii.lm
		LanguageModels\TextCat\LM\czech-iso8859_2.lm = LanguageModels\TextCat\LM\czech-iso8859_2.lm
		LanguageModels\TextCat\LM\danish.lm = LanguageModels\TextCat\LM\danish.lm
		LanguageModels\TextCat\LM\dutch.lm = LanguageModels\TextCat\LM\dutch.lm
		LanguageModels\TextCat\LM\english.lm = LanguageModels\TextCat\LM\english.lm
		LanguageModels\TextCat\LM\esperanto.lm = LanguageModels\TextCat\LM\esperanto.lm
		LanguageModels\TextCat\LM\estonian.lm = LanguageModels\TextCat\LM\estonian.lm
		LanguageModels\TextCat\LM\finnish.lm = LanguageModels\TextCat\LM\finnish.lm
		LanguageModels\TextCat\LM\french.lm = LanguageModels\TextCat\LM\french.lm
		LanguageModels\TextCat\LM\frisian.lm = LanguageModels\TextCat\LM\frisian.lm
		LanguageModels\TextCat\LM\georgian.lm = LanguageModels\TextCat\LM\georgian.lm
		LanguageModels\TextCat\LM\german.lm = LanguageModels\TextCat\LM\german.lm
		LanguageModels\TextCat\LM\greek-iso8859-7.lm = LanguageModels\TextCat\LM\greek-iso8859-7.lm
		LanguageModels\TextCat\LM\hebrew-iso8859_8.lm = LanguageModels\TextCat\LM\hebrew-iso8859_8.lm
		LanguageModels\TextCat\LM\hindi.lm = LanguageModels\TextCat\LM\hindi.lm
		LanguageModels\TextCat\LM\hungarian.lm = LanguageModels\TextCat\LM\hungarian.lm
		LanguageModels\TextCat\LM\icelandic.lm = LanguageModels\TextCat\LM\icelandic.lm
		LanguageModels\TextCat\LM\indonesian.lm = LanguageModels\TextCat\LM\indonesian.lm
		LanguageModels\TextCat\LM\irish.lm = LanguageModels\TextCat\LM\irish.lm
		LanguageModels\TextCat\LM\italian.lm = LanguageModels\TextCat\LM\italian.lm
		LanguageModels\TextCat\LM\japanese-euc_jp.lm = LanguageModels\TextCat\LM\japanese-euc_jp.lm
		LanguageModels\TextCat\LM\japanese-shift_jis.lm = LanguageModels\TextCat\LM\japanese-shift_jis.lm
		LanguageModels\TextCat\LM\korean.lm = LanguageModels\TextCat\LM\korean.lm
		LanguageModels\TextCat\LM\latin.lm = LanguageModels\TextCat\LM\latin.lm
		LanguageModels\TextCat\LM\latvian.lm = LanguageModels\TextCat\LM\latvian.lm
		LanguageModels\TextCat\LM\lithuanian.lm = LanguageModels\TextCat\LM\lithuanian.lm
		LanguageModels\TextCat\LM\malay.lm = LanguageModels\TextCat\LM\malay.lm
		LanguageModels\TextCat\LM\manx.lm = LanguageModels\TextCat\LM\manx.lm
		LanguageModels\TextCat\LM\marathi.lm = LanguageModels\TextCat\LM\marathi.lm
		LanguageModels\TextCat\LM\mingo.lm = LanguageModels\TextCat\LM\mingo.lm
		LanguageModels\TextCat\LM\nepali.lm = LanguageModels\TextCat\LM\nepali.lm
		LanguageModels\TextCat\LM\norwegian.lm = LanguageModels\TextCat\LM\norwegian.lm
		LanguageModels\TextCat\LM\persian.lm = LanguageModels\TextCat\LM\persian.lm
		LanguageModels\TextCat\LM\polish.lm = LanguageModels\TextCat\LM\polish.lm
		LanguageModels\TextCat\LM\portuguese.lm = LanguageModels\TextCat\LM\portuguese.lm
		LanguageModels\TextCat\LM\quechua.lm = LanguageModels\TextCat\LM\quechua.lm
		LanguageModels\TextCat\LM\romanian.lm = LanguageModels\TextCat\LM\romanian.lm
		LanguageModels\TextCat\LM\rumantsch.lm = LanguageModels\TextCat\LM\rumantsch.lm
		LanguageModels\TextCat\LM\russian-cp866.lm = LanguageModels\TextCat\LM\russian-cp866.lm
		LanguageModels\TextCat\LM\russian-iso8859_5.lm = LanguageModels\TextCat\LM\russian-iso8859_5.lm
		LanguageModels\TextCat\LM\russian-koi8_r.lm = LanguageModels\TextCat\LM\russian-koi8_r.lm
		LanguageModels\TextCat\LM\russian-windows1251.lm = LanguageModels\TextCat\LM\russian-windows1251.lm
		LanguageModels\TextCat\LM\sanskrit.lm = LanguageModels\TextCat\LM\sanskrit.lm
		LanguageModels\TextCat\LM\scots.lm = LanguageModels\TextCat\LM\scots.lm
		LanguageModels\TextCat\LM\scots_gaelic.lm = LanguageModels\TextCat\LM\scots_gaelic.lm
		LanguageModels\TextCat\LM\serbian-ascii.lm = LanguageModels\TextCat\LM\serbian-ascii.lm
		LanguageModels\TextCat\LM\slovak-ascii.lm = LanguageModels\TextCat\LM\slovak-ascii.lm
		LanguageModels\TextCat\LM\slovak-windows1250.lm = LanguageModels\TextCat\LM\slovak-windows1250.lm
		LanguageModels\TextCat\LM\slovenian-ascii.lm = LanguageModels\TextCat\LM\slovenian-ascii.lm
		LanguageModels\TextCat\LM\slovenian-iso8859_2.lm = LanguageModels\TextCat\LM\slovenian-iso8859_2.lm
		LanguageModels\TextCat\LM\spanish.lm = LanguageModels\TextCat\LM\spanish.lm
		LanguageModels\TextCat\LM\swahili.lm = LanguageModels\TextCat\LM\swahili.lm
		LanguageModels\TextCat\LM\swedish.lm = LanguageModels\TextCat\LM\swedish.lm
		LanguageModels\TextCat\LM\tagalog.lm = LanguageModels\TextCat\LM\tagalog.lm
		LanguageModels\TextCat\LM\tamil.lm = LanguageModels\TextCat\LM\tamil.lm
		LanguageModels\TextCat\LM\thai.lm = LanguageModels\TextCat\LM\thai.lm
		LanguageModels\TextCat\LM\turkish.lm = LanguageModels\TextCat\LM\turkish.lm
		LanguageModels\TextCat\LM\ukrainian-koi8_u.lm = LanguageModels\TextCat\LM\ukrainian-koi8_u.lm
		LanguageModels\TextCat\LM\vietnamese.lm = LanguageModels\TextCat\LM\vietnamese.lm
		LanguageModels\TextCat\LM\welsh.lm = LanguageModels\TextCat\LM\welsh.lm
		LanguageModels\TextCat\LM\yiddish-utf.lm = LanguageModels\TextCat\LM\yiddish-utf.lm
	EndProjectSection
EndProject
Global
	GlobalSection(SolutionConfigurationPlatforms) = preSolution
		Debug|Any CPU = Debug|Any CPU
		Debug|Mixed Platforms = Debug|Mixed Platforms
		Debug|x86 = Debug|x86
		Release|Any CPU = Release|Any CPU
		Release|Mixed Platforms = Release|Mixed Platforms
		Release|x86 = Release|x86
	EndGlobalSection
	GlobalSection(ProjectConfigurationPlatforms) = postSolution
		{3A8E3E7D-4ADD-46C8-AFF4-8D7CC5607BC6}.Debug|Any CPU.ActiveCfg = Debug|Any CPU
		{3A8E3E7D-4ADD-46C8-AFF4-8D7CC5607BC6}.Debug|Any CPU.Build.0 = Debug|Any CPU
		{3A8E3E7D-4ADD-46C8-AFF4-8D7CC5607BC6}.Debug|Mixed Platforms.ActiveCfg = Debug|Any CPU
		{3A8E3E7D-4ADD-46C8-AFF4-8D7CC5607BC6}.Debug|Mixed Platforms.Build.0 = Debug|Any CPU
		{3A8E3E7D-4ADD-46C8-AFF4-8D7CC5607BC6}.Debug|x86.ActiveCfg = Debug|Any CPU
		{3A8E3E7D-4ADD-46C8-AFF4-8D7CC5607BC6}.Debug|x86.Build.0 = Debug|Any CPU
		{3A8E3E7D-4ADD-46C8-AFF4-8D7CC5607BC6}.Release|Any CPU.ActiveCfg = Release|Any CPU
		{3A8E3E7D-4ADD-46C8-AFF4-8D7CC5607BC6}.Release|Any CPU.Build.0 = Release|Any CPU
		{3A8E3E7D-4ADD-46C8-AFF4-8D7CC5607BC6}.Release|Mixed Platforms.ActiveCfg = Release|Any CPU
		{3A8E3E7D-4ADD-46C8-AFF4-8D7CC5607BC6}.Release|Mixed Platforms.Build.0 = Release|Any CPU
		{3A8E3E7D-4ADD-46C8-AFF4-8D7CC5607BC6}.Release|x86.ActiveCfg = Release|Any CPU
		{3A8E3E7D-4ADD-46C8-AFF4-8D7CC5607BC6}.Release|x86.Build.0 = Release|Any CPU
		{31D05312-4968-45DD-95B9-601736E6EBD9}.Debug|Any CPU.ActiveCfg = Debug|Any CPU
		{31D05312-4968-45DD-95B9-601736E6EBD9}.Debug|Any CPU.Build.0 = Debug|Any CPU
		{31D05312-4968-45DD-95B9-601736E6EBD9}.Debug|Mixed Platforms.ActiveCfg = Debug|Any CPU
		{31D05312-4968-45DD-95B9-601736E6EBD9}.Debug|Mixed Platforms.Build.0 = Debug|Any CPU
		{31D05312-4968-45DD-95B9-601736E6EBD9}.Debug|x86.ActiveCfg = Debug|Any CPU
		{31D05312-4968-45DD-95B9-601736E6EBD9}.Debug|x86.Build.0 = Debug|Any CPU
		{31D05312-4968-45DD-95B9-601736E6EBD9}.Release|Any CPU.ActiveCfg = Release|Any CPU
		{31D05312-4968-45DD-95B9-601736E6EBD9}.Release|Any CPU.Build.0 = Release|Any CPU
		{31D05312-4968-45DD-95B9-601736E6EBD9}.Release|Mixed Platforms.ActiveCfg = Release|Any CPU
		{31D05312-4968-45DD-95B9-601736E6EBD9}.Release|Mixed Platforms.Build.0 = Release|Any CPU
		{31D05312-4968-45DD-95B9-601736E6EBD9}.Release|x86.ActiveCfg = Release|Any CPU
		{31D05312-4968-45DD-95B9-601736E6EBD9}.Release|x86.Build.0 = Release|Any CPU
		{356DE6DB-4475-4293-9B5D-18A5892DF663}.Debug|Any CPU.ActiveCfg = Debug|Any CPU
		{356DE6DB-4475-4293-9B5D-18A5892DF663}.Debug|Any CPU.Build.0 = Debug|Any CPU
		{356DE6DB-4475-4293-9B5D-18A5892DF663}.Debug|Mixed Platforms.ActiveCfg = Debug|Any CPU
		{356DE6DB-4475-4293-9B5D-18A5892DF663}.Debug|Mixed Platforms.Build.0 = Debug|Any CPU
		{356DE6DB-4475-4293-9B5D-18A5892DF663}.Debug|x86.ActiveCfg = Debug|Any CPU
		{356DE6DB-4475-4293-9B5D-18A5892DF663}.Debug|x86.Build.0 = Debug|Any CPU
		{356DE6DB-4475-4293-9B5D-18A5892DF663}.Release|Any CPU.ActiveCfg = Release|Any CPU
		{356DE6DB-4475-4293-9B5D-18A5892DF663}.Release|Any CPU.Build.0 = Release|Any CPU
		{356DE6DB-4475-4293-9B5D-18A5892DF663}.Release|Mixed Platforms.ActiveCfg = Release|Any CPU
		{356DE6DB-4475-4293-9B5D-18A5892DF663}.Release|Mixed Platforms.Build.0 = Release|Any CPU
		{356DE6DB-4475-4293-9B5D-18A5892DF663}.Release|x86.ActiveCfg = Release|Any CPU
		{356DE6DB-4475-4293-9B5D-18A5892DF663}.Release|x86.Build.0 = Release|Any CPU
		{7D6DDC04-EA96-4516-8A15-4206DA394413}.Debug|Any CPU.ActiveCfg = Debug|Any CPU
		{7D6DDC04-EA96-4516-8A15-4206DA394413}.Debug|Any CPU.Build.0 = Debug|Any CPU
		{7D6DDC04-EA96-4516-8A15-4206DA394413}.Debug|Mixed Platforms.ActiveCfg = Debug|Any CPU
		{7D6DDC04-EA96-4516-8A15-4206DA394413}.Debug|Mixed Platforms.Build.0 = Debug|Any CPU
		{7D6DDC04-EA96-4516-8A15-4206DA394413}.Debug|x86.ActiveCfg = Debug|Any CPU
		{7D6DDC04-EA96-4516-8A15-4206DA394413}.Debug|x86.Build.0 = Debug|Any CPU
		{7D6DDC04-EA96-4516-8A15-4206DA394413}.Release|Any CPU.ActiveCfg = Release|Any CPU
		{7D6DDC04-EA96-4516-8A15-4206DA394413}.Release|Any CPU.Build.0 = Release|Any CPU
		{7D6DDC04-EA96-4516-8A15-4206DA394413}.Release|Mixed Platforms.ActiveCfg = Release|Any CPU
		{7D6DDC04-EA96-4516-8A15-4206DA394413}.Release|Mixed Platforms.Build.0 = Release|Any CPU
		{7D6DDC04-EA96-4516-8A15-4206DA394413}.Release|x86.ActiveCfg = Release|Any CPU
		{7D6DDC04-EA96-4516-8A15-4206DA394413}.Release|x86.Build.0 = Release|Any CPU
		{E14A9720-C254-4224-9781-640B7B847BCD}.Debug|Any CPU.ActiveCfg = Debug|Any CPU
		{E14A9720-C254-4224-9781-640B7B847BCD}.Debug|Any CPU.Build.0 = Debug|Any CPU
		{E14A9720-C254-4224-9781-640B7B847BCD}.Debug|Mixed Platforms.ActiveCfg = Debug|Any CPU
		{E14A9720-C254-4224-9781-640B7B847BCD}.Debug|Mixed Platforms.Build.0 = Debug|Any CPU
		{E14A9720-C254-4224-9781-640B7B847BCD}.Debug|x86.ActiveCfg = Debug|Any CPU
		{E14A9720-C254-4224-9781-640B7B847BCD}.Debug|x86.Build.0 = Debug|Any CPU
		{E14A9720-C254-4224-9781-640B7B847BCD}.Release|Any CPU.ActiveCfg = Release|Any CPU
		{E14A9720-C254-4224-9781-640B7B847BCD}.Release|Any CPU.Build.0 = Release|Any CPU
		{E14A9720-C254-4224-9781-640B7B847BCD}.Release|Mixed Platforms.ActiveCfg = Release|Any CPU
		{E14A9720-C254-4224-9781-640B7B847BCD}.Release|Mixed Platforms.Build.0 = Release|Any CPU
		{E14A9720-C254-4224-9781-640B7B847BCD}.Release|x86.ActiveCfg = Release|Any CPU
		{E14A9720-C254-4224-9781-640B7B847BCD}.Release|x86.Build.0 = Release|Any CPU
	EndGlobalSection
	GlobalSection(SolutionProperties) = preSolution
		HideSolutionNode = FALSE
	EndGlobalSection
	GlobalSection(NestedProjects) = preSolution
		{E14A9720-C254-4224-9781-640B7B847BCD} = {A623AA51-57F1-4956-A94A-1E01A33F9EFE}
		{97071653-694E-412F-BF2E-C1AB6D77DA51} = {2D88E576-72B1-4498-92DA-5D602B260E3F}
		{AB79298D-A7BA-4243-B148-28DFCDBE2BC1} = {2D88E576-72B1-4498-92DA-5D602B260E3F}
		{3AF00057-76AC-4915-86E3-802D20C74883} = {AB79298D-A7BA-4243-B148-28DFCDBE2BC1}
	EndGlobalSection
	GlobalSection(ExtensibilityGlobals) = postSolution
		SolutionGuid = {59FEA75C-18C8-4F33-9A55-9DDB5FCA3FB9}
	EndGlobalSection
EndGlobal
